
Microsoft Visual Studio Solution File, Format Version 12.00
# Visual Studio Version 16
VisualStudioVersion = 16.0.31729.503
MinimumVisualStudioVersion = 10.0.40219.1
Project("{8BC9CEB8-8B4A-11D0-8D11-00A0C91BC942}") = "TestProject_upd", "TestProject_upd.vcxproj", "{92DAF1F6-5B2F-4ADB-847B-80EB7862A9E1}"
EndProject
Project("{2150E333-8FDC-42A3-9474-1A3956D46DE8}") = "Solution Items", "Solution Items", "{1D386139-E7F3-4844-968C-EA71277810EB}"
	ProjectSection(SolutionItems) = preProject
		.gitignore = .gitignore
		README.md = README.md
	EndProjectSection
EndProject
Global
	GlobalSection(SolutionConfigurationPlatforms) = preSolution
		Debug|x64 = Debug|x64
		Debug|x86 = Debug|x86
		Release|x64 = Release|x64
		Release|x86 = Release|x86
	EndGlobalSection
	GlobalSection(ProjectConfigurationPlatforms) = postSolution
		{92DAF1F6-5B2F-4ADB-847B-80EB7862A9E1}.Debug|x64.ActiveCfg = Debug|x64
		{92DAF1F6-5B2F-4ADB-847B-80EB7862A9E1}.Debug|x64.Build.0 = Debug|x64
		{92DAF1F6-5B2F-4ADB-847B-80EB7862A9E1}.Debug|x86.ActiveCfg = Debug|Win32
		{92DAF1F6-5B2F-4ADB-847B-80EB7862A9E1}.Debug|x86.Build.0 = Debug|Win32
		{92DAF1F6-5B2F-4ADB-847B-80EB7862A9E1}.Release|x64.ActiveCfg = Release|x64
		{92DAF1F6-5B2F-4ADB-847B-80EB7862A9E1}.Release|x64.Build.0 = Release|x64
		{92DAF1F6-5B2F-4ADB-847B-80EB7862A9E1}.Release|x86.ActiveCfg = Release|Win32
		{92DAF1F6-5B2F-4ADB-847B-80EB7862A9E1}.Release|x86.Build.0 = Release|Win32
	EndGlobalSection
	GlobalSection(SolutionProperties) = preSolution
		HideSolutionNode = FALSE
	EndGlobalSection
	GlobalSection(ExtensibilityGlobals) = postSolution
		SolutionGuid = {F90540A1-2E3D-4519-AC50-61E997600468}
	EndGlobalSection
EndGlobal
